
Microsoft Visual Studio Solution File, Format Version 12.00
# Visual Studio 15
VisualStudioVersion = 15.0.28307.1022
MinimumVisualStudioVersion = 10.0.40219.1
Project("{FAE04EC0-301F-11D3-BF4B-00C04F79EFBC}") = "Multithreaded_CHAT", "Multithreaded_CHAT\Multithreaded_CHAT.csproj", "{939BDDC5-26B8-43E5-B932-4A7718CA7636}"
EndProject
Project("{FAE04EC0-301F-11D3-BF4B-00C04F79EFBC}") = "ConsoleServer", "ConsoleServer\ConsoleServer.csproj", "{839703A5-3818-4B78-A28B-83644AAE5193}"
EndProject
Global
	GlobalSection(SolutionConfigurationPlatforms) = preSolution
		Debug|Any CPU = Debug|Any CPU
		Release|Any CPU = Release|Any CPU
	EndGlobalSection
	GlobalSection(ProjectConfigurationPlatforms) = postSolution
		{939BDDC5-26B8-43E5-B932-4A7718CA7636}.Debug|Any CPU.ActiveCfg = Debug|Any CPU
		{939BDDC5-26B8-43E5-B932-4A7718CA7636}.Debug|Any CPU.Build.0 = Debug|Any CPU
		{939BDDC5-26B8-43E5-B932-4A7718CA7636}.Release|Any CPU.ActiveCfg = Release|Any CPU
		{939BDDC5-26B8-43E5-B932-4A7718CA7636}.Release|Any CPU.Build.0 = Release|Any CPU
		{839703A5-3818-4B78-A28B-83644AAE5193}.Debug|Any CPU.ActiveCfg = Debug|Any CPU
		{839703A5-3818-4B78-A28B-83644AAE5193}.Debug|Any CPU.Build.0 = Debug|Any CPU
		{839703A5-3818-4B78-A28B-83644AAE5193}.Release|Any CPU.ActiveCfg = Release|Any CPU
		{839703A5-3818-4B78-A28B-83644AAE5193}.Release|Any CPU.Build.0 = Release|Any CPU
	EndGlobalSection
	GlobalSection(SolutionProperties) = preSolution
		HideSolutionNode = FALSE
	EndGlobalSection
	GlobalSection(ExtensibilityGlobals) = postSolution
		SolutionGuid = {6DE4AB24-BDF1-45D1-88BB-E76B4394F43D}
	EndGlobalSection
EndGlobal
