
Microsoft Visual Studio Solution File, Format Version 12.00
# Visual Studio 15
VisualStudioVersion = 15.0.28307.1022
MinimumVisualStudioVersion = 10.0.40219.1
Project("{FAE04EC0-301F-11D3-BF4B-00C04F79EFBC}") = "Server", "ConsoleApp1\Server.csproj", "{192AEA65-3CFB-44A8-91A5-CB6817659CF1}"
EndProject
Project("{FAE04EC0-301F-11D3-BF4B-00C04F79EFBC}") = "Client", "Client\Client.csproj", "{701EED92-203E-40CF-ADF7-77618B34FEF9}"
EndProject
Global
	GlobalSection(SolutionConfigurationPlatforms) = preSolution
		Debug|Any CPU = Debug|Any CPU
		Release|Any CPU = Release|Any CPU
	EndGlobalSection
	GlobalSection(ProjectConfigurationPlatforms) = postSolution
		{192AEA65-3CFB-44A8-91A5-CB6817659CF1}.Debug|Any CPU.ActiveCfg = Debug|Any CPU
		{192AEA65-3CFB-44A8-91A5-CB6817659CF1}.Debug|Any CPU.Build.0 = Debug|Any CPU
		{192AEA65-3CFB-44A8-91A5-CB6817659CF1}.Release|Any CPU.ActiveCfg = Release|Any CPU
		{192AEA65-3CFB-44A8-91A5-CB6817659CF1}.Release|Any CPU.Build.0 = Release|Any CPU
		{701EED92-203E-40CF-ADF7-77618B34FEF9}.Debug|Any CPU.ActiveCfg = Debug|Any CPU
		{701EED92-203E-40CF-ADF7-77618B34FEF9}.Debug|Any CPU.Build.0 = Debug|Any CPU
		{701EED92-203E-40CF-ADF7-77618B34FEF9}.Release|Any CPU.ActiveCfg = Release|Any CPU
		{701EED92-203E-40CF-ADF7-77618B34FEF9}.Release|Any CPU.Build.0 = Release|Any CPU
	EndGlobalSection
	GlobalSection(SolutionProperties) = preSolution
		HideSolutionNode = FALSE
	EndGlobalSection
	GlobalSection(ExtensibilityGlobals) = postSolution
		SolutionGuid = {82B61FAF-C82A-4FAE-B056-753834A578F0}
	EndGlobalSection
EndGlobal
